
Microsoft Visual Studio Solution File, Format Version 12.00
# Visual Studio Version 17
VisualStudioVersion = 17.8.34316.72
MinimumVisualStudioVersion = 10.0.40219.1
Project("{9A19103F-16F7-4668-BE54-9A1E7A4F7556}") = "BlazingBlogV2", "BlazingBlogV2.csproj", "{87B1A305-201D-4D77-B16D-2F59A29AEFAB}"
EndProject
Global
	GlobalSection(SolutionConfigurationPlatforms) = preSolution
		Debug|Any CPU = Debug|Any CPU
		Release|Any CPU = Release|Any CPU
	EndGlobalSection
	GlobalSection(ProjectConfigurationPlatforms) = postSolution
		{87B1A305-201D-4D77-B16D-2F59A29AEFAB}.Debug|Any CPU.ActiveCfg = Debug|Any CPU
		{87B1A305-201D-4D77-B16D-2F59A29AEFAB}.Debug|Any CPU.Build.0 = Debug|Any CPU
		{87B1A305-201D-4D77-B16D-2F59A29AEFAB}.Release|Any CPU.ActiveCfg = Release|Any CPU
		{87B1A305-201D-4D77-B16D-2F59A29AEFAB}.Release|Any CPU.Build.0 = Release|Any CPU
	EndGlobalSection
	GlobalSection(SolutionProperties) = preSolution
		HideSolutionNode = FALSE
	EndGlobalSection
	GlobalSection(ExtensibilityGlobals) = postSolution
		SolutionGuid = {00C926E7-EFBC-4A73-B973-6D648F598A40}
	EndGlobalSection
EndGlobal
